
Microsoft Visual Studio Solution File, Format Version 12.00
# Visual Studio Version 16
VisualStudioVersion = 16.0.28803.156
MinimumVisualStudioVersion = 10.0.40219.1
Project("{FAE04EC0-301F-11D3-BF4B-00C04F79EFBC}") = "AHSS", "AHSS\AHSS.csproj", "{8ABE616D-21C9-4B5B-B8D3-DC5C8A967252}"
EndProject
Global
	GlobalSection(SolutionConfigurationPlatforms) = preSolution
		Debug|Any CPU = Debug|Any CPU
		Release|Any CPU = Release|Any CPU
	EndGlobalSection
	GlobalSection(ProjectConfigurationPlatforms) = postSolution
		{8ABE616D-21C9-4B5B-B8D3-DC5C8A967252}.Debug|Any CPU.ActiveCfg = Debug|Any CPU
		{8ABE616D-21C9-4B5B-B8D3-DC5C8A967252}.Debug|Any CPU.Build.0 = Debug|Any CPU
		{8ABE616D-21C9-4B5B-B8D3-DC5C8A967252}.Release|Any CPU.ActiveCfg = Release|Any CPU
		{8ABE616D-21C9-4B5B-B8D3-DC5C8A967252}.Release|Any CPU.Build.0 = Release|Any CPU
	EndGlobalSection
	GlobalSection(SolutionProperties) = preSolution
		HideSolutionNode = FALSE
	EndGlobalSection
	GlobalSection(ExtensibilityGlobals) = postSolution
		SolutionGuid = {2387C1A5-C558-484F-A3B8-138123E85268}
	EndGlobalSection
EndGlobal
